
Microsoft Visual Studio Solution File, Format Version 12.00
# Visual Studio Version 16
VisualStudioVersion = 16.0.32106.194
MinimumVisualStudioVersion = 10.0.40219.1
Project("{FAE04EC0-301F-11D3-BF4B-00C04F79EFBC}") = "test-task", "test-task\test-task.csproj", "{F7DF4A4F-7E69-4512-A0EA-6834F2DB02EA}"
EndProject
Global
	GlobalSection(SolutionConfigurationPlatforms) = preSolution
		Debug|Any CPU = Debug|Any CPU
		Release|Any CPU = Release|Any CPU
	EndGlobalSection
	GlobalSection(ProjectConfigurationPlatforms) = postSolution
		{F7DF4A4F-7E69-4512-A0EA-6834F2DB02EA}.Debug|Any CPU.ActiveCfg = Debug|Any CPU
		{F7DF4A4F-7E69-4512-A0EA-6834F2DB02EA}.Debug|Any CPU.Build.0 = Debug|Any CPU
		{F7DF4A4F-7E69-4512-A0EA-6834F2DB02EA}.Release|Any CPU.ActiveCfg = Release|Any CPU
		{F7DF4A4F-7E69-4512-A0EA-6834F2DB02EA}.Release|Any CPU.Build.0 = Release|Any CPU
	EndGlobalSection
	GlobalSection(SolutionProperties) = preSolution
		HideSolutionNode = FALSE
	EndGlobalSection
	GlobalSection(ExtensibilityGlobals) = postSolution
		SolutionGuid = {02C7C022-F7B6-4BF3-B106-876142222F1F}
	EndGlobalSection
EndGlobal
